Microsoft Visual Studio Solution File, Format Version 12.00
# Visual Studio Version 17
VisualStudioVersion = 17.0.31903.59
MinimumVisualStudioVersion = 10.0.40219.1
Project("{FAE04EC0-301F-11D3-BF4B-00C04F79EFBC}") = "ChaoxingLearningAssistant", "src\ChaoxingLearningAssistant\ChaoxingLearningAssistant.csproj", "{C9A7A44C-643D-4AFD-A254-00E0A1E6B2F4}"
EndProject
Project("{FAE04EC0-301F-11D3-BF4B-00C04F79EFBC}") = "ChaoxingLearningAssistant.Tests", "tests\ChaoxingLearningAssistant.Tests\ChaoxingLearningAssistant.Tests.csproj", "{C8F2B51F-57B2-489F-9C78-A8C74471D2A5}"
EndProject
Global
	GlobalSection(SolutionConfigurationPlatforms) = preSolution
		Debug|Any CPU = Debug|Any CPU
		Release|Any CPU = Release|Any CPU
	EndGlobalSection
	GlobalSection(ProjectConfigurationPlatforms) = postSolution
		{C9A7A44C-643D-4AFD-A254-00E0A1E6B2F4}.Debug|Any CPU.ActiveCfg = Debug|Any CPU
		{C9A7A44C-643D-4AFD-A254-00E0A1E6B2F4}.Debug|Any CPU.Build.0 = Debug|Any CPU
		{C9A7A44C-643D-4AFD-A254-00E0A1E6B2F4}.Release|Any CPU.ActiveCfg = Release|Any CPU
		{C9A7A44C-643D-4AFD-A254-00E0A1E6B2F4}.Release|Any CPU.Build.0 = Release|Any CPU
		{C8F2B51F-57B2-489F-9C78-A8C74471D2A5}.Debug|Any CPU.ActiveCfg = Debug|Any CPU
		{C8F2B51F-57B2-489F-9C78-A8C74471D2A5}.Debug|Any CPU.Build.0 = Debug|Any CPU
		{C8F2B51F-57B2-489F-9C78-A8C74471D2A5}.Release|Any CPU.ActiveCfg = Release|Any CPU
		{C8F2B51F-57B2-489F-9C78-A8C74471D2A5}.Release|Any CPU.Build.0 = Release|Any CPU
	EndGlobalSection
EndGlobal
